{
  "version": 4,
  "terraform_version": "1.5.7",
  "serial": 29,
  "lineage": "9fa00ab9-b738-aded-1683-7faf04c1a5be",
  "outputs": {},
  "resources": [
    {
      "mode": "data",
      "type": "terraform_remote_state",
      "name": "network",
      "provider": "provider[\"terraform.io/builtin/terraform\"]",
      "instances": [
        {
          "schema_version": 0,
          "attributes": {
            "backend": "local",
            "config": {
              "value": {
                "path": "../vpc2-module/terraform.tfstate"
              },
              "type": [
                "object",
                {
                  "path": "string"
                }
              ]
            },
            "defaults": null,
            "outputs": {
              "value": {
                "demo_role": "arn:aws:iam::695294329720:role/eks-node-group-nodes",
                "node_role": "arn:aws:iam::695294329720:role/eks-cluster-demo",
                "private": [
                  "subnet-06c330357acfdf587",
                  "subnet-0555681313824a87b"
                ],
                "public": [
                  "subnet-098ed62c36be009d0",
                  "subnet-0ead9dc11cfe6abbc"
                ]
              },
              "type": [
                "object",
                {
                  "demo_role": "string",
                  "node_role": "string",
                  "private": [
                    "tuple",
                    [
                      "string",
                      "string"
                    ]
                  ],
                  "public": [
                    "tuple",
                    [
                      "string",
                      "string"
                    ]
                  ]
                }
              ]
            },
            "workspace": null
          },
          "sensitive_attributes": []
        }
      ]
    },
    {
      "mode": "managed",
      "type": "aws_eks_cluster",
      "name": "demo",
      "provider": "provider[\"registry.terraform.io/hashicorp/aws\"]",
      "instances": [
        {
          "schema_version": 0,
          "attributes": {
            "arn": "arn:aws:eks:us-east-1:695294329720:cluster/demo",
            "certificate_authority": [
              {
                "data": "LS0tLS1CRUdJTiBDRVJUSUZJQ0FURS0tLS0tCk1JSURCVENDQWUyZ0F3SUJBZ0lJS1ZTTTB3Z0wrNlV3RFFZSktvWklodmNOQVFFTEJRQXdGVEVUTUJFR0ExVUUKQXhNS2EzVmlaWEp1WlhSbGN6QWVGdzB5TXpFd01qVXhPVE14TVRWYUZ3MHpNekV3TWpJeE9UTTJNVFZhTUJVeApFekFSQmdOVkJBTVRDbXQxWW1WeWJtVjBaWE13Z2dFaU1BMEdDU3FHU0liM0RRRUJBUVVBQTRJQkR3QXdnZ0VLCkFvSUJBUURTRTNkYzBnMTd5T1F3NmhHS0tTOE5TVHhDTFYzMzRGUXJyL1BFQThVWjl3SGpyNUc2SUwwaDV5aFkKbTE5QUdpNFI4QXlsS1dzcUd1YzF1TjhuZURrMTIwNEZRdHlkQ3F6TUhZUStsZmFDaHdmTHMyN0d0VUROT1A5Mwp4U3hpa1FNeS81N1UyTnc4c2taNGh0QnlRQ1dxTUpiVU1xWmJZR1R4QnptbEEvdHVEY09mV1owTGhyeFRNSUZpCll0UENHWXphY2FDSnVENFRWVXZVVFJMdVg5L0NYR0gzczV1NnhWU29QYURmL1MySGo2ejNUbVZBRDZRVllkSkUKaUpYZSt1NXo4RDlaTXpJSUFkQmZ3bTJ5ZFozT00xQ0UwV2F6V1FtUG0ycjFIZ2VHMTRJeS9sd1VwZ0RkSVBXTgpiMGZoNStXK2JPM09mQmM0c0owaEpacENlNGxmQWdNQkFBR2pXVEJYTUE0R0ExVWREd0VCL3dRRUF3SUNwREFQCkJnTlZIUk1CQWY4RUJUQURBUUgvTUIwR0ExVWREZ1FXQkJUZE1sMVFXeEVhRjltSEErc055dit2KzlrbWdEQVYKQmdOVkhSRUVEakFNZ2dwcmRXSmxjbTVsZEdWek1BMEdDU3FHU0liM0RRRUJDd1VBQTRJQkFRQS9MaDJvbTJhMwpJcmFyWjhFbk54ZEtkbWsvd1QrRG5DN1FucGFkb2c0cFJhbVdKU3BOK25hT0VvWENFMVJxTjdQeTkwa3hFaEZyCklrVzJXdDFIMkpISFN4U05CcmVYYUo1MVF1QUgyNlRjOUppbHZWcHRRRTRMajNJaXkvR1NER09PeURZRVc0bFoKR1JvemprLzhPdzFSdFZieE9zUkppSHVRa0Y0ZUpYNDl1TEZjQW01UUVieDREazN4M0NGZWFxWWd1UTVLb0o2NgpaRSt6VnpMRm40Mis0cGpLejE1NUl5aWpuU3R2WEMyRWN5V1pwU1dDQ2xiTzI2VVJ1WFRyL0ErSEVBd0phMlJWCmpVdXFkeExMZ2IvUjlNTDQrVEZ2RVJ6TkxkOHdDSmxWYmxGQ3FnZ2ViN0FiUHlSaCtaQkE1Q21RaU9kSDQ5T3gKK252MWVwZXdVOUlqCi0tLS0tRU5EIENFUlRJRklDQVRFLS0tLS0K"
              }
            ],
            "created_at": "2023-10-25 19:31:15.876 +0000 UTC",
            "enabled_cluster_log_types": null,
            "encryption_config": [],
            "endpoint": "https://1AF2E730611133061127DED741E0F560.gr7.us-east-1.eks.amazonaws.com",
            "id": "demo",
            "identity": [
              {
                "oidc": [
                  {
                    "issuer": "https://oidc.eks.us-east-1.amazonaws.com/id/1AF2E730611133061127DED741E0F560"
                  }
                ]
              }
            ],
            "kubernetes_network_config": [
              {
                "ip_family": "ipv4",
                "service_ipv4_cidr": "172.20.0.0/16"
              }
            ],
            "name": "demo",
            "platform_version": "eks.2",
            "role_arn": "arn:aws:iam::695294329720:role/eks-node-group-nodes",
            "status": "ACTIVE",
            "tags": null,
            "tags_all": {},
            "timeouts": null,
            "version": "1.28",
            "vpc_config": [
              {
                "cluster_security_group_id": "sg-03270415e0d755aad",
                "endpoint_private_access": false,
                "endpoint_public_access": true,
                "public_access_cidrs": [
                  "0.0.0.0/0"
                ],
                "security_group_ids": null,
                "subnet_ids": [
                  "subnet-0555681313824a87b",
                  "subnet-06c330357acfdf587",
                  "subnet-098ed62c36be009d0",
                  "subnet-0ead9dc11cfe6abbc"
                ],
                "vpc_id": "vpc-03d6c0da9dc771581"
              }
            ]
          },
          "sensitive_attributes": [],
          "private": "eyJlMmJmYjczMC1lY2FhLTExZTYtOGY4OC0zNDM2M2JjN2M0YzAiOnsiY3JlYXRlIjoxODAwMDAwMDAwMDAwLCJkZWxldGUiOjkwMDAwMDAwMDAwMCwidXBkYXRlIjozNjAwMDAwMDAwMDAwfX0=",
          "dependencies": [
            "data.terraform_remote_state.network"
          ]
        }
      ]
    },
    {
      "mode": "managed",
      "type": "aws_eks_node_group",
      "name": "private-nodes",
      "provider": "provider[\"registry.terraform.io/hashicorp/aws\"]",
      "instances": [
        {
          "schema_version": 0,
          "attributes": {
            "ami_type": "AL2_x86_64",
            "arn": "arn:aws:eks:us-east-1:695294329720:nodegroup/demo/private-nodes/ecc5b42c-ed69-8018-7fc8-b2e992122783",
            "capacity_type": "ON_DEMAND",
            "cluster_name": "demo",
            "disk_size": 20,
            "force_update_version": null,
            "id": "demo:private-nodes",
            "instance_types": [
              "t2.medium"
            ],
            "labels": {
              "role": "devops"
            },
            "launch_template": [],
            "node_group_name": "private-nodes",
            "node_group_name_prefix": "",
            "node_role_arn": "arn:aws:iam::695294329720:role/eks-node-group-nodes",
            "release_version": "1.28.1-20231002",
            "remote_access": [],
            "resources": [
              {
                "autoscaling_groups": [
                  {
                    "name": "eks-private-nodes-ecc5b42c-ed69-8018-7fc8-b2e992122783"
                  }
                ],
                "remote_access_security_group_id": ""
              }
            ],
            "scaling_config": [
              {
                "desired_size": 2,
                "max_size": 10,
                "min_size": 0
              }
            ],
            "status": "ACTIVE",
            "subnet_ids": [
              "subnet-0555681313824a87b",
              "subnet-06c330357acfdf587"
            ],
            "tags": {
              "k8s.io/cluster-autoscaler/demo": "owned",
              "k8s.io/cluster-autoscaler/enabled": "true"
            },
            "tags_all": {
              "k8s.io/cluster-autoscaler/demo": "owned",
              "k8s.io/cluster-autoscaler/enabled": "true"
            },
            "taint": [],
            "timeouts": null,
            "update_config": [
              {
                "max_unavailable": 1,
                "max_unavailable_percentage": 0
              }
            ],
            "version": "1.28"
          },
          "sensitive_attributes": [],
          "private": "eyJlMmJmYjczMC1lY2FhLTExZTYtOGY4OC0zNDM2M2JjN2M0YzAiOnsiY3JlYXRlIjozNjAwMDAwMDAwMDAwLCJkZWxldGUiOjM2MDAwMDAwMDAwMDAsInVwZGF0ZSI6MzYwMDAwMDAwMDAwMH19",
          "dependencies": [
            "aws_eks_cluster.demo",
            "data.terraform_remote_state.network"
          ]
        }
      ]
    }
  ],
  "check_results": null
}
