{
  "version": 4,
  "terraform_version": "1.5.7",
  "serial": 46,
  "lineage": "9c86838b-3839-ae3a-0af5-302e436626e7",
  "outputs": {
    "password": {
      "value": [
        "wcFMA6mXp0l3mojbAQ/+O7FYaMNE1ZM0gMLQgBzO8rrDk9R9a6uO0b2U+Y4qpz+IdsH/2gmDFAjJ7HetI4dTXUllMgQJNndH3JN5KBhxpxWMCEB28k2ibWPbfa+ZipRC1Pg9zOupLQLFSTIT0pTcaEiLgG8eI2UvT7Ev+3ZXXdrzJuN1rxOWGdCPY9mtze0lN4CLNwTKhiO7KaOaPN85R+F6MPU/yeIpie1Fgp2At9YztuKPXJ44gMLHQC+GQHz3KBhQuS/bUf0wN7DbNPAzyzLrrn2rnjJa+h7H5rZalTDW5wyL4je4dc7jV7vcXfKoko5+VCkxVVdUkVOE92/i70j+eHWmkmZkea0zXeduvt9y5qkeiT4su9iPLin86Xmkg4CcYmQd2uBJtEwUFfxSOfOnmduLmGDaUAeNRFIHGBAxFtN4UmcG1FASWlKvdhvNfcnFwxWWWt0QjszsYelZgzBAb+fvST3SfMjMn855oDfzAA1yJ2LrJo2SX8jpfITPkhDR/vtSIQ5G75eqNs67szETWb4AkPu1vK/onzZzyg1X2NJ93yQfj+rizbKS8gv2C906dyThYE5fkQQTp71xJm948TCN3r/GBNqyZXjoIxhTcb4d6d/Y7o6MsqGIPMNX58DRoMou3E5neH1LSqRCpHCOJ/IegD8RDhuC1kaBFdJlU6swTsOWVQpOchCtLk7SRQFLfEIUZEJVwCN/mVol4K/5+ln0TYDNmpjxDvYIlYy6y9R6pPyU4ZA2nO1DhQC3GTycmmk7iFUelGR75+Xnz/jDrfUweA==",
        "wcFMA6mXp0l3mojbAQ/+M0x/TlYw4CKhPv4wAkmaWJI28e20MxjcSZdmDDl/6NOihONWGCapdz1KieXXvUpT5nxmxN+quc4ChL7fghu55NRD/JDKtL++MbszKsEoAjnCD5xZAAYpGXm+ZuOPUlTupWF8oC7DzGj8P/6h6KCnvnGbnoWgYrjGmLaoj5XKjRgnWFVrior3ANCmbPgZFwsZ/XNlH6vH5XvXHwwkWfHBBwevH58VcSB/h7SvT24AMEVCx23uT5GwcHTPgd1F5bSGOjtxBU88dUVZQ6JrKdP+5MdEWYol6RpmU4cMdWPwvKp8k7MHcwzZ5+wO4bDovJMHPFm128X6fB5UkwOQ4I8731joEqTpM+NyD+Vf1BwGS5jctntHNaG6FMO4svjxnEe5oH/Fo5SBZvCvMnweJqljUOqU4iwr5xkHxrTOUmkIB/68QFODH+6a3Yyb2IUk5pWDwiCSSERTW2c7zJNQQwdA7TexGbsZRfNCaDRThNF6t8Rer6qR0KOtzw6gqVvprozloi+IzYWoPzv5pISuT164/MAGcyoJXyBhI3pKQhhgybfodnWkd2BVBcjJvWtc8O3SXFbT05EJQeuE/vubFxs/fLmlU9lhRKObUa9QyNodnk3tUzaIxWt76GPMdx68TFkB1Lt1oTO/Z3HKo+UnPB/Ug38kExYX+pHky+u883DJwfDSRQGF8DuFGHgVJQICMeBihNpFa11WDQSAKL1jmgo+sfxCxIPUuuzvftHxWhXVurla9B8x7X1X4Anlw+eCuMk39gDhP7RmwA==",
        "wcFMA6mXp0l3mojbAQ/+LDckDMdUoM6oq7JPAgeG7fF+9If+0lA/TnN9OtTARHR57A0CBT3n6cJr1lGw8psxAaOtU8VVNSbZNpPOz0iVBjUqJtX1J9xYChgnOIlgd+DMumdj0Gr69hLmc/MH8Udz70R0/VLK/KLsyXo7EZwtEyVCVqNGXg642I1PrPE9db15OZiBuOeN5atVMVMyOHTD4FvtR+gYSA76x5jwQEMiEak2cUwzYpI6+SixlV7JhPjmpjcz2mbrGvpoR8Ox6xDJhcZCUKxOfAmoq81Q/zzfSzxnGKo6nC5MCefaDvXbJU1tLUzEZYgtFyOGyOl6jwtmMIz0cVkig9O03O9cpRLQGdU/TlYb0ydkVVoMxvEd51zcll8yMXj9jM0BAC1WKgRQsiMuZnQEUa2m6c1X/gvrMTwZoyryA5K4/tpkpJnPGbBOZ+/u1BgzoiGUsz65HizoQtIQiCL4Nctoas/Q1tYAUPFpujEO+jcDFf9ujJHb+e/8Ad60hm42v5SVdsP71xflBB7VIgydSrpJdikeHcZcBC6Fp7/lo72fzWlhYSYsLDB9vNCfkAejG+c2Ylvv1iE6KqdUZqRxJyRFqulGanvT0ZXP1d6jT0mrm86BOTTH3xix2I99l1u55nmlF1FJ4+IhakezGU324mhfGM3Q9J1UisHOGkJWEe4uWHd1oW5HDmDSRQHtD6YXAbSyQdNbftjcCqmr0ncj34xifKSK25AwzwGblnkgcoB9W0J9L24wQqs40mP9uHHj1KrHwOci4cMxBG/ZoI/zhg=="
      ],
      "type": [
        "tuple",
        [
          "string",
          "string",
          "string"
        ]
      ]
    }
  },
  "resources": [
    {
      "mode": "data",
      "type": "aws_caller_identity",
      "name": "current",
      "provider": "provider[\"registry.terraform.io/hashicorp/aws\"]",
      "instances": [
        {
          "schema_version": 0,
          "attributes": {
            "account_id": "695294329720",
            "arn": "arn:aws:iam::695294329720:root",
            "id": "695294329720",
            "user_id": "695294329720"
          },
          "sensitive_attributes": []
        }
      ]
    },
    {
      "mode": "data",
      "type": "aws_iam_policy_document",
      "name": "admin",
      "provider": "provider[\"registry.terraform.io/hashicorp/aws\"]",
      "instances": [
        {
          "schema_version": 0,
          "attributes": {
            "id": "236601581",
            "json": "{\n  \"Version\": \"2012-10-17\",\n  \"Statement\": [\n    {\n      \"Sid\": \"AllowAdmin\",\n      \"Effect\": \"Allow\",\n      \"Action\": \"*\",\n      \"Resource\": \"*\"\n    },\n    {\n      \"Sid\": \"AllowPassRole\",\n      \"Effect\": \"Allow\",\n      \"Action\": \"iam:PassRole\",\n      \"Resource\": \"*\",\n      \"Condition\": {\n        \"StringEquals\": {\n          \"iam:PassedToService\": \"eks.amazonaws.com\"\n        }\n      }\n    }\n  ]\n}",
            "override_policy_documents": null,
            "policy_id": null,
            "source_policy_documents": null,
            "statement": [
              {
                "actions": [
                  "*"
                ],
                "condition": [],
                "effect": "Allow",
                "not_actions": [],
                "not_principals": [],
                "not_resources": [],
                "principals": [],
                "resources": [
                  "*"
                ],
                "sid": "AllowAdmin"
              },
              {
                "actions": [
                  "iam:PassRole"
                ],
                "condition": [
                  {
                    "test": "StringEquals",
                    "values": [
                      "eks.amazonaws.com"
                    ],
                    "variable": "iam:PassedToService"
                  }
                ],
                "effect": "Allow",
                "not_actions": [],
                "not_principals": [],
                "not_resources": [],
                "principals": [],
                "resources": [
                  "*"
                ],
                "sid": "AllowPassRole"
              }
            ],
            "version": "2012-10-17"
          },
          "sensitive_attributes": []
        }
      ]
    },
    {
      "mode": "data",
      "type": "aws_iam_policy_document",
      "name": "developer",
      "provider": "provider[\"registry.terraform.io/hashicorp/aws\"]",
      "instances": [
        {
          "schema_version": 0,
          "attributes": {
            "id": "3146063397",
            "json": "{\n  \"Version\": \"2012-10-17\",\n  \"Statement\": [\n    {\n      \"Sid\": \"AllowDeveloper\",\n      \"Effect\": \"Allow\",\n      \"Action\": [\n        \"ssm:GetParameter\",\n        \"eks:ListUpdates\",\n        \"eks:ListNodegroups\",\n        \"eks:ListFargateProfiles\",\n        \"eks:ListClusters\",\n        \"eks:DescribeNodegroup\",\n        \"eks:DescribeCluster\",\n        \"eks:AccessKubernetesApi\"\n      ],\n      \"Resource\": \"*\"\n    }\n  ]\n}",
            "override_policy_documents": null,
            "policy_id": null,
            "source_policy_documents": null,
            "statement": [
              {
                "actions": [
                  "eks:AccessKubernetesApi",
                  "eks:DescribeCluster",
                  "eks:DescribeNodegroup",
                  "eks:ListClusters",
                  "eks:ListFargateProfiles",
                  "eks:ListNodegroups",
                  "eks:ListUpdates",
                  "ssm:GetParameter"
                ],
                "condition": [],
                "effect": "Allow",
                "not_actions": [],
                "not_principals": [],
                "not_resources": [],
                "principals": [],
                "resources": [
                  "*"
                ],
                "sid": "AllowDeveloper"
              }
            ],
            "version": "2012-10-17"
          },
          "sensitive_attributes": []
        }
      ]
    },
    {
      "mode": "data",
      "type": "aws_iam_policy_document",
      "name": "manager_assume_role",
      "provider": "provider[\"registry.terraform.io/hashicorp/aws\"]",
      "instances": [
        {
          "schema_version": 0,
          "attributes": {
            "id": "1134884585",
            "json": "{\n  \"Version\": \"2012-10-17\",\n  \"Statement\": [\n    {\n      \"Sid\": \"AllowManagerAssumeRole\",\n      \"Effect\": \"Allow\",\n      \"Action\": \"sts:AssumeRole\",\n      \"Principal\": {\n        \"AWS\": \"arn:aws:iam::695294329720:user/manager\"\n      }\n    }\n  ]\n}",
            "override_policy_documents": null,
            "policy_id": null,
            "source_policy_documents": null,
            "statement": [
              {
                "actions": [
                  "sts:AssumeRole"
                ],
                "condition": [],
                "effect": "Allow",
                "not_actions": [],
                "not_principals": [],
                "not_resources": [],
                "principals": [
                  {
                    "identifiers": [
                      "arn:aws:iam::695294329720:user/manager"
                    ],
                    "type": "AWS"
                  }
                ],
                "resources": [],
                "sid": "AllowManagerAssumeRole"
              }
            ],
            "version": "2012-10-17"
          },
          "sensitive_attributes": []
        }
      ]
    },
    {
      "mode": "managed",
      "type": "aws_iam_account_password_policy",
      "name": "strict",
      "provider": "provider[\"registry.terraform.io/hashicorp/aws\"]",
      "instances": [
        {
          "schema_version": 0,
          "attributes": {
            "allow_users_to_change_password": true,
            "expire_passwords": false,
            "hard_expiry": false,
            "id": "iam-account-password-policy",
            "max_password_age": 0,
            "minimum_password_length": 8,
            "password_reuse_prevention": 0,
            "require_lowercase_characters": true,
            "require_numbers": true,
            "require_symbols": true,
            "require_uppercase_characters": true
          },
          "sensitive_attributes": [],
          "private": "bnVsbA=="
        }
      ]
    },
    {
      "mode": "managed",
      "type": "aws_iam_group",
      "name": "eks_developer",
      "provider": "provider[\"registry.terraform.io/hashicorp/aws\"]",
      "instances": [
        {
          "schema_version": 0,
          "attributes": {
            "arn": "arn:aws:iam::695294329720:group/Developer",
            "id": "Developer",
            "name": "Developer",
            "path": "/",
            "unique_id": "AGPA2DYWFQN4KRKQGLZMN"
          },
          "sensitive_attributes": [],
          "private": "bnVsbA=="
        }
      ]
    },
    {
      "mode": "managed",
      "type": "aws_iam_group_membership",
      "name": "db_team",
      "provider": "provider[\"registry.terraform.io/hashicorp/aws\"]",
      "instances": [
        {
          "schema_version": 0,
          "attributes": {
            "group": "Developer",
            "id": "dev-group-membership",
            "name": "dev-group-membership",
            "users": [
              "developer1",
              "mark"
            ]
          },
          "sensitive_attributes": [],
          "private": "bnVsbA==",
          "dependencies": [
            "aws_iam_group.eks_developer",
            "aws_iam_user.eks_user"
          ]
        }
      ]
    },
    {
      "mode": "managed",
      "type": "aws_iam_group_policy",
      "name": "developer_policy",
      "provider": "provider[\"registry.terraform.io/hashicorp/aws\"]",
      "instances": [
        {
          "schema_version": 0,
          "attributes": {
            "group": "Developer",
            "id": "Developer:developer",
            "name": "developer",
            "name_prefix": "",
            "policy": "{\"Version\":\"2012-10-17\",\"Statement\":[{\"Action\":[\"ssm:GetParameter\",\"eks:ListUpdates\",\"eks:ListNodegroups\",\"eks:ListFargateProfiles\",\"eks:ListClusters\",\"eks:DescribeNodegroup\",\"eks:DescribeCluster\",\"eks:AccessKubernetesApi\"],\"Effect\":\"Allow\",\"Resource\":\"*\",\"Sid\":\"AllowDeveloper\"}]}"
          },
          "sensitive_attributes": [],
          "private": "bnVsbA==",
          "dependencies": [
            "aws_iam_group.eks_developer",
            "data.aws_iam_policy_document.developer"
          ]
        }
      ]
    },
    {
      "mode": "managed",
      "type": "aws_iam_policy",
      "name": "eks_admin",
      "provider": "provider[\"registry.terraform.io/hashicorp/aws\"]",
      "instances": [
        {
          "schema_version": 0,
          "attributes": {
            "arn": "arn:aws:iam::695294329720:policy/eks-admin",
            "description": "",
            "id": "arn:aws:iam::695294329720:policy/eks-admin",
            "name": "eks-admin",
            "name_prefix": "",
            "path": "/",
            "policy": "{\"Statement\":[{\"Action\":\"*\",\"Effect\":\"Allow\",\"Resource\":\"*\",\"Sid\":\"AllowAdmin\"},{\"Action\":\"iam:PassRole\",\"Condition\":{\"StringEquals\":{\"iam:PassedToService\":\"eks.amazonaws.com\"}},\"Effect\":\"Allow\",\"Resource\":\"*\",\"Sid\":\"AllowPassRole\"}],\"Version\":\"2012-10-17\"}",
            "policy_id": "ANPA2DYWFQN4PC77TA2IU",
            "tags": null,
            "tags_all": {}
          },
          "sensitive_attributes": [],
          "private": "bnVsbA==",
          "dependencies": [
            "data.aws_iam_policy_document.admin"
          ]
        }
      ]
    },
    {
      "mode": "managed",
      "type": "aws_iam_role",
      "name": "managers",
      "provider": "provider[\"registry.terraform.io/hashicorp/aws\"]",
      "instances": [
        {
          "schema_version": 0,
          "attributes": {
            "arn": "arn:aws:iam::695294329720:role/Manager-eks-Role",
            "assume_role_policy": "{\"Statement\":[{\"Action\":\"sts:AssumeRole\",\"Effect\":\"Allow\",\"Principal\":{\"AWS\":\"arn:aws:iam::695294329720:user/manager\"},\"Sid\":\"AllowManagerAssumeRole\"}],\"Version\":\"2012-10-17\"}",
            "create_date": "2023-10-25T15:10:59Z",
            "description": "",
            "force_detach_policies": false,
            "id": "Manager-eks-Role",
            "inline_policy": [],
            "managed_policy_arns": [],
            "max_session_duration": 3600,
            "name": "Manager-eks-Role",
            "name_prefix": "",
            "path": "/",
            "permissions_boundary": "",
            "tags": null,
            "tags_all": {},
            "unique_id": "AROA2DYWFQN4F3LB77MLA"
          },
          "sensitive_attributes": [],
          "private": "bnVsbA==",
          "dependencies": [
            "data.aws_iam_policy_document.manager_assume_role"
          ]
        }
      ]
    },
    {
      "mode": "managed",
      "type": "aws_iam_role_policy_attachment",
      "name": "admin_policy",
      "provider": "provider[\"registry.terraform.io/hashicorp/aws\"]",
      "instances": [
        {
          "schema_version": 0,
          "attributes": {
            "id": "Manager-eks-Role-20231025151059933900000001",
            "policy_arn": "arn:aws:iam::695294329720:policy/eks-admin",
            "role": "Manager-eks-Role"
          },
          "sensitive_attributes": [],
          "private": "bnVsbA==",
          "dependencies": [
            "aws_iam_policy.eks_admin",
            "aws_iam_role.managers",
            "data.aws_iam_policy_document.admin",
            "data.aws_iam_policy_document.manager_assume_role"
          ]
        }
      ]
    },
    {
      "mode": "managed",
      "type": "aws_iam_user",
      "name": "eks_user",
      "provider": "provider[\"registry.terraform.io/hashicorp/aws\"]",
      "instances": [
        {
          "index_key": 0,
          "schema_version": 0,
          "attributes": {
            "arn": "arn:aws:iam::695294329720:user/developer1",
            "force_destroy": true,
            "id": "developer1",
            "name": "developer1",
            "path": "/",
            "permissions_boundary": "",
            "tags": {
              "Department": "eks-user"
            },
            "tags_all": {
              "Department": "eks-user"
            },
            "unique_id": "AIDA2DYWFQN4OZINNUTND"
          },
          "sensitive_attributes": [],
          "private": "bnVsbA=="
        },
        {
          "index_key": 1,
          "schema_version": 0,
          "attributes": {
            "arn": "arn:aws:iam::695294329720:user/manager",
            "force_destroy": true,
            "id": "manager",
            "name": "manager",
            "path": "/",
            "permissions_boundary": "",
            "tags": {
              "Department": "eks-user"
            },
            "tags_all": {
              "Department": "eks-user"
            },
            "unique_id": "AIDA2DYWFQN4HCNA3PDKV"
          },
          "sensitive_attributes": [],
          "private": "bnVsbA=="
        },
        {
          "index_key": 2,
          "schema_version": 0,
          "attributes": {
            "arn": "arn:aws:iam::695294329720:user/mark",
            "force_destroy": true,
            "id": "mark",
            "name": "mark",
            "path": "/",
            "permissions_boundary": "",
            "tags": {
              "Department": "eks-user"
            },
            "tags_all": {
              "Department": "eks-user"
            },
            "unique_id": "AIDA2DYWFQN4ASTTSUKYZ"
          },
          "sensitive_attributes": [],
          "private": "bnVsbA=="
        }
      ]
    },
    {
      "mode": "managed",
      "type": "aws_iam_user_login_profile",
      "name": "DB_user",
      "provider": "provider[\"registry.terraform.io/hashicorp/aws\"]",
      "instances": [
        {
          "index_key": 0,
          "schema_version": 0,
          "attributes": {
            "encrypted_password": "wcFMA6mXp0l3mojbAQ/+O7FYaMNE1ZM0gMLQgBzO8rrDk9R9a6uO0b2U+Y4qpz+IdsH/2gmDFAjJ7HetI4dTXUllMgQJNndH3JN5KBhxpxWMCEB28k2ibWPbfa+ZipRC1Pg9zOupLQLFSTIT0pTcaEiLgG8eI2UvT7Ev+3ZXXdrzJuN1rxOWGdCPY9mtze0lN4CLNwTKhiO7KaOaPN85R+F6MPU/yeIpie1Fgp2At9YztuKPXJ44gMLHQC+GQHz3KBhQuS/bUf0wN7DbNPAzyzLrrn2rnjJa+h7H5rZalTDW5wyL4je4dc7jV7vcXfKoko5+VCkxVVdUkVOE92/i70j+eHWmkmZkea0zXeduvt9y5qkeiT4su9iPLin86Xmkg4CcYmQd2uBJtEwUFfxSOfOnmduLmGDaUAeNRFIHGBAxFtN4UmcG1FASWlKvdhvNfcnFwxWWWt0QjszsYelZgzBAb+fvST3SfMjMn855oDfzAA1yJ2LrJo2SX8jpfITPkhDR/vtSIQ5G75eqNs67szETWb4AkPu1vK/onzZzyg1X2NJ93yQfj+rizbKS8gv2C906dyThYE5fkQQTp71xJm948TCN3r/GBNqyZXjoIxhTcb4d6d/Y7o6MsqGIPMNX58DRoMou3E5neH1LSqRCpHCOJ/IegD8RDhuC1kaBFdJlU6swTsOWVQpOchCtLk7SRQFLfEIUZEJVwCN/mVol4K/5+ln0TYDNmpjxDvYIlYy6y9R6pPyU4ZA2nO1DhQC3GTycmmk7iFUelGR75+Xnz/jDrfUweA==",
            "id": "developer1",
            "key_fingerprint": "30ec23e62f226aeda5589d538ce4ee6a485bd7d4",
            "password": null,
            "password_length": 20,
            "password_reset_required": true,
            "pgp_key": "keybase:kenmak",
            "user": "developer1"
          },
          "sensitive_attributes": [],
          "private": "bnVsbA==",
          "dependencies": [
            "aws_iam_user.eks_user"
          ]
        },
        {
          "index_key": 1,
          "schema_version": 0,
          "attributes": {
            "encrypted_password": "wcFMA6mXp0l3mojbAQ/+M0x/TlYw4CKhPv4wAkmaWJI28e20MxjcSZdmDDl/6NOihONWGCapdz1KieXXvUpT5nxmxN+quc4ChL7fghu55NRD/JDKtL++MbszKsEoAjnCD5xZAAYpGXm+ZuOPUlTupWF8oC7DzGj8P/6h6KCnvnGbnoWgYrjGmLaoj5XKjRgnWFVrior3ANCmbPgZFwsZ/XNlH6vH5XvXHwwkWfHBBwevH58VcSB/h7SvT24AMEVCx23uT5GwcHTPgd1F5bSGOjtxBU88dUVZQ6JrKdP+5MdEWYol6RpmU4cMdWPwvKp8k7MHcwzZ5+wO4bDovJMHPFm128X6fB5UkwOQ4I8731joEqTpM+NyD+Vf1BwGS5jctntHNaG6FMO4svjxnEe5oH/Fo5SBZvCvMnweJqljUOqU4iwr5xkHxrTOUmkIB/68QFODH+6a3Yyb2IUk5pWDwiCSSERTW2c7zJNQQwdA7TexGbsZRfNCaDRThNF6t8Rer6qR0KOtzw6gqVvprozloi+IzYWoPzv5pISuT164/MAGcyoJXyBhI3pKQhhgybfodnWkd2BVBcjJvWtc8O3SXFbT05EJQeuE/vubFxs/fLmlU9lhRKObUa9QyNodnk3tUzaIxWt76GPMdx68TFkB1Lt1oTO/Z3HKo+UnPB/Ug38kExYX+pHky+u883DJwfDSRQGF8DuFGHgVJQICMeBihNpFa11WDQSAKL1jmgo+sfxCxIPUuuzvftHxWhXVurla9B8x7X1X4Anlw+eCuMk39gDhP7RmwA==",
            "id": "manager",
            "key_fingerprint": "30ec23e62f226aeda5589d538ce4ee6a485bd7d4",
            "password": null,
            "password_length": 20,
            "password_reset_required": true,
            "pgp_key": "keybase:kenmak",
            "user": "manager"
          },
          "sensitive_attributes": [],
          "private": "bnVsbA==",
          "dependencies": [
            "aws_iam_user.eks_user"
          ]
        },
        {
          "index_key": 2,
          "schema_version": 0,
          "attributes": {
            "encrypted_password": "wcFMA6mXp0l3mojbAQ/+LDckDMdUoM6oq7JPAgeG7fF+9If+0lA/TnN9OtTARHR57A0CBT3n6cJr1lGw8psxAaOtU8VVNSbZNpPOz0iVBjUqJtX1J9xYChgnOIlgd+DMumdj0Gr69hLmc/MH8Udz70R0/VLK/KLsyXo7EZwtEyVCVqNGXg642I1PrPE9db15OZiBuOeN5atVMVMyOHTD4FvtR+gYSA76x5jwQEMiEak2cUwzYpI6+SixlV7JhPjmpjcz2mbrGvpoR8Ox6xDJhcZCUKxOfAmoq81Q/zzfSzxnGKo6nC5MCefaDvXbJU1tLUzEZYgtFyOGyOl6jwtmMIz0cVkig9O03O9cpRLQGdU/TlYb0ydkVVoMxvEd51zcll8yMXj9jM0BAC1WKgRQsiMuZnQEUa2m6c1X/gvrMTwZoyryA5K4/tpkpJnPGbBOZ+/u1BgzoiGUsz65HizoQtIQiCL4Nctoas/Q1tYAUPFpujEO+jcDFf9ujJHb+e/8Ad60hm42v5SVdsP71xflBB7VIgydSrpJdikeHcZcBC6Fp7/lo72fzWlhYSYsLDB9vNCfkAejG+c2Ylvv1iE6KqdUZqRxJyRFqulGanvT0ZXP1d6jT0mrm86BOTTH3xix2I99l1u55nmlF1FJ4+IhakezGU324mhfGM3Q9J1UisHOGkJWEe4uWHd1oW5HDmDSRQHtD6YXAbSyQdNbftjcCqmr0ncj34xifKSK25AwzwGblnkgcoB9W0J9L24wQqs40mP9uHHj1KrHwOci4cMxBG/ZoI/zhg==",
            "id": "mark",
            "key_fingerprint": "30ec23e62f226aeda5589d538ce4ee6a485bd7d4",
            "password": null,
            "password_length": 20,
            "password_reset_required": true,
            "pgp_key": "keybase:kenmak",
            "user": "mark"
          },
          "sensitive_attributes": [],
          "private": "bnVsbA==",
          "dependencies": [
            "aws_iam_user.eks_user"
          ]
        }
      ]
    }
  ],
  "check_results": null
}
